
Microsoft Visual Studio Solution File, Format Version 12.00
# Visual Studio Version 17
VisualStudioVersion = 17.9.34607.119
MinimumVisualStudioVersion = 10.0.40219.1
Project("{9A19103F-16F7-4668-BE54-9A1E7A4F7556}") = "KIP-Service", "KIP-Service\KIP-Service.csproj", "{977EA6F1-29B4-4307-924A-7393792B6269}"
EndProject
Project("{9A19103F-16F7-4668-BE54-9A1E7A4F7556}") = "KIP-Service.Core", "KIP-Service.Core\KIP-Service.Core.csproj", "{753B3E36-8EDB-4868-BAA3-5DCDA498B83C}"
EndProject
Project("{9A19103F-16F7-4668-BE54-9A1E7A4F7556}") = "KIP-Service.DataAccess", "KIP-Service.DataAccess\KIP-Service.DataAccess.csproj", "{909D7818-4410-47E4-8529-D86E1B8372A6}"
EndProject
Project("{9A19103F-16F7-4668-BE54-9A1E7A4F7556}") = "KIP-Service.Application", "KIP-Service.Application\KIP-Service.Application.csproj", "{E13AFE85-1587-4B9E-9E61-09FEB9010618}"
EndProject
Project("{FAE04EC0-301F-11D3-BF4B-00C04F79EFBC}") = "Tests", "Tests\Tests.csproj", "{A8BF5C44-3AF5-4AE4-985D-A82E2F700435}"
EndProject
Global
	GlobalSection(SolutionConfigurationPlatforms) = preSolution
		Debug|Any CPU = Debug|Any CPU
		Release|Any CPU = Release|Any CPU
	EndGlobalSection
	GlobalSection(ProjectConfigurationPlatforms) = postSolution
		{977EA6F1-29B4-4307-924A-7393792B6269}.Debug|Any CPU.ActiveCfg = Debug|Any CPU
		{977EA6F1-29B4-4307-924A-7393792B6269}.Debug|Any CPU.Build.0 = Debug|Any CPU
		{977EA6F1-29B4-4307-924A-7393792B6269}.Release|Any CPU.ActiveCfg = Release|Any CPU
		{977EA6F1-29B4-4307-924A-7393792B6269}.Release|Any CPU.Build.0 = Release|Any CPU
		{753B3E36-8EDB-4868-BAA3-5DCDA498B83C}.Debug|Any CPU.ActiveCfg = Debug|Any CPU
		{753B3E36-8EDB-4868-BAA3-5DCDA498B83C}.Debug|Any CPU.Build.0 = Debug|Any CPU
		{753B3E36-8EDB-4868-BAA3-5DCDA498B83C}.Release|Any CPU.ActiveCfg = Release|Any CPU
		{753B3E36-8EDB-4868-BAA3-5DCDA498B83C}.Release|Any CPU.Build.0 = Release|Any CPU
		{909D7818-4410-47E4-8529-D86E1B8372A6}.Debug|Any CPU.ActiveCfg = Debug|Any CPU
		{909D7818-4410-47E4-8529-D86E1B8372A6}.Debug|Any CPU.Build.0 = Debug|Any CPU
		{909D7818-4410-47E4-8529-D86E1B8372A6}.Release|Any CPU.ActiveCfg = Release|Any CPU
		{909D7818-4410-47E4-8529-D86E1B8372A6}.Release|Any CPU.Build.0 = Release|Any CPU
		{E13AFE85-1587-4B9E-9E61-09FEB9010618}.Debug|Any CPU.ActiveCfg = Debug|Any CPU
		{E13AFE85-1587-4B9E-9E61-09FEB9010618}.Debug|Any CPU.Build.0 = Debug|Any CPU
		{E13AFE85-1587-4B9E-9E61-09FEB9010618}.Release|Any CPU.ActiveCfg = Release|Any CPU
		{E13AFE85-1587-4B9E-9E61-09FEB9010618}.Release|Any CPU.Build.0 = Release|Any CPU
		{A8BF5C44-3AF5-4AE4-985D-A82E2F700435}.Debug|Any CPU.ActiveCfg = Debug|Any CPU
		{A8BF5C44-3AF5-4AE4-985D-A82E2F700435}.Debug|Any CPU.Build.0 = Debug|Any CPU
		{A8BF5C44-3AF5-4AE4-985D-A82E2F700435}.Release|Any CPU.ActiveCfg = Release|Any CPU
		{A8BF5C44-3AF5-4AE4-985D-A82E2F700435}.Release|Any CPU.Build.0 = Release|Any CPU
	EndGlobalSection
	GlobalSection(SolutionProperties) = preSolution
		HideSolutionNode = FALSE
	EndGlobalSection
	GlobalSection(ExtensibilityGlobals) = postSolution
		SolutionGuid = {8AB0BD5E-98A9-4D7E-93A3-2A1D34238306}
	EndGlobalSection
EndGlobal
